
Microsoft Visual Studio Solution File, Format Version 12.00
# Visual Studio Version 17
VisualStudioVersion = 17.9.34622.214
MinimumVisualStudioVersion = 10.0.40219.1
Project("{8BC9CEB8-8B4A-11D0-8D11-00A0C91BC942}") = "相加平凡算法", "相加平凡算法\相加平凡算法.vcxproj", "{7D9256D6-C725-4EE7-B1B9-95A60244CE93}"
EndProject
Global
	GlobalSection(SolutionConfigurationPlatforms) = preSolution
		Debug|x64 = Debug|x64
		Debug|x86 = Debug|x86
		Release|x64 = Release|x64
		Release|x86 = Release|x86
	EndGlobalSection
	GlobalSection(ProjectConfigurationPlatforms) = postSolution
		{7D9256D6-C725-4EE7-B1B9-95A60244CE93}.Debug|x64.ActiveCfg = Debug|x64
		{7D9256D6-C725-4EE7-B1B9-95A60244CE93}.Debug|x64.Build.0 = Debug|x64
		{7D9256D6-C725-4EE7-B1B9-95A60244CE93}.Debug|x86.ActiveCfg = Debug|Win32
		{7D9256D6-C725-4EE7-B1B9-95A60244CE93}.Debug|x86.Build.0 = Debug|Win32
		{7D9256D6-C725-4EE7-B1B9-95A60244CE93}.Release|x64.ActiveCfg = Release|x64
		{7D9256D6-C725-4EE7-B1B9-95A60244CE93}.Release|x64.Build.0 = Release|x64
		{7D9256D6-C725-4EE7-B1B9-95A60244CE93}.Release|x86.ActiveCfg = Release|Win32
		{7D9256D6-C725-4EE7-B1B9-95A60244CE93}.Release|x86.Build.0 = Release|Win32
	EndGlobalSection
	GlobalSection(SolutionProperties) = preSolution
		HideSolutionNode = FALSE
	EndGlobalSection
	GlobalSection(ExtensibilityGlobals) = postSolution
		SolutionGuid = {444B865F-7563-4D8A-8455-0A168BA8A060}
	EndGlobalSection
EndGlobal
